
Microsoft Visual Studio Solution File, Format Version 12.00
# Visual Studio Version 17
VisualStudioVersion = 17.13.35931.197 d17.13
MinimumVisualStudioVersion = 10.0.40219.1
Project("{FAE04EC0-301F-11D3-BF4B-00C04F79EFBC}") = "ConsoleApp11", "ConsoleApp11\ConsoleApp11.csproj", "{DEC65D6F-AF3F-42B6-9D63-430B3B89F31B}"
EndProject
Global
	GlobalSection(SolutionConfigurationPlatforms) = preSolution
		Debug|Any CPU = Debug|Any CPU
		Release|Any CPU = Release|Any CPU
	EndGlobalSection
	GlobalSection(ProjectConfigurationPlatforms) = postSolution
		{DEC65D6F-AF3F-42B6-9D63-430B3B89F31B}.Debug|Any CPU.ActiveCfg = Debug|Any CPU
		{DEC65D6F-AF3F-42B6-9D63-430B3B89F31B}.Debug|Any CPU.Build.0 = Debug|Any CPU
		{DEC65D6F-AF3F-42B6-9D63-430B3B89F31B}.Release|Any CPU.ActiveCfg = Release|Any CPU
		{DEC65D6F-AF3F-42B6-9D63-430B3B89F31B}.Release|Any CPU.Build.0 = Release|Any CPU
	EndGlobalSection
	GlobalSection(SolutionProperties) = preSolution
		HideSolutionNode = FALSE
	EndGlobalSection
	GlobalSection(ExtensibilityGlobals) = postSolution
		SolutionGuid = {EC8554F2-1380-43CE-ADFD-88615E5136D3}
	EndGlobalSection
EndGlobal
